
Microsoft Visual Studio Solution File, Format Version 12.00
# Visual Studio 2012
Project("{FAE04EC0-301F-11D3-BF4B-00C04F79EFBC}") = "Ejercicio01", "Ejercicio01\Ejercicio01.csproj", "{3377C75E-28BC-4B91-AC2B-643D5262CB29}"
EndProject
Project("{FAE04EC0-301F-11D3-BF4B-00C04F79EFBC}") = "Ejercicio02", "Ejercicio02\Ejercicio02.csproj", "{33C2656D-AD7B-4F64-934B-11B8ED38DF49}"
EndProject
Project("{FAE04EC0-301F-11D3-BF4B-00C04F79EFBC}") = "Ejercicio03", "Ejercicio03\Ejercicio03.csproj", "{B61F7A2D-0CD5-4604-9FF6-F93E7575F05C}"
EndProject
Project("{FAE04EC0-301F-11D3-BF4B-00C04F79EFBC}") = "Ejercicio04", "Ejercicio04\Ejercicio04.csproj", "{55A54752-3282-482D-98AD-F9F5607086A8}"
EndProject
Project("{FAE04EC0-301F-11D3-BF4B-00C04F79EFBC}") = "Ejercicio05", "Ejercicio05\Ejercicio05.csproj", "{A4074FD2-0D35-4648-B0E2-6F709708A0B2}"
EndProject
Project("{FAE04EC0-301F-11D3-BF4B-00C04F79EFBC}") = "Ejercicio06", "Ejercicio06\Ejercicio06.csproj", "{499E43A0-8432-4EF2-8014-FA43EBDA41D0}"
EndProject
Global
	GlobalSection(SolutionConfigurationPlatforms) = preSolution
		Debug|Any CPU = Debug|Any CPU
		Release|Any CPU = Release|Any CPU
	EndGlobalSection
	GlobalSection(ProjectConfigurationPlatforms) = postSolution
		{3377C75E-28BC-4B91-AC2B-643D5262CB29}.Debug|Any CPU.ActiveCfg = Debug|Any CPU
		{3377C75E-28BC-4B91-AC2B-643D5262CB29}.Debug|Any CPU.Build.0 = Debug|Any CPU
		{3377C75E-28BC-4B91-AC2B-643D5262CB29}.Release|Any CPU.ActiveCfg = Release|Any CPU
		{3377C75E-28BC-4B91-AC2B-643D5262CB29}.Release|Any CPU.Build.0 = Release|Any CPU
		{33C2656D-AD7B-4F64-934B-11B8ED38DF49}.Debug|Any CPU.ActiveCfg = Debug|Any CPU
		{33C2656D-AD7B-4F64-934B-11B8ED38DF49}.Debug|Any CPU.Build.0 = Debug|Any CPU
		{33C2656D-AD7B-4F64-934B-11B8ED38DF49}.Release|Any CPU.ActiveCfg = Release|Any CPU
		{33C2656D-AD7B-4F64-934B-11B8ED38DF49}.Release|Any CPU.Build.0 = Release|Any CPU
		{B61F7A2D-0CD5-4604-9FF6-F93E7575F05C}.Debug|Any CPU.ActiveCfg = Debug|Any CPU
		{B61F7A2D-0CD5-4604-9FF6-F93E7575F05C}.Debug|Any CPU.Build.0 = Debug|Any CPU
		{B61F7A2D-0CD5-4604-9FF6-F93E7575F05C}.Release|Any CPU.ActiveCfg = Release|Any CPU
		{B61F7A2D-0CD5-4604-9FF6-F93E7575F05C}.Release|Any CPU.Build.0 = Release|Any CPU
		{55A54752-3282-482D-98AD-F9F5607086A8}.Debug|Any CPU.ActiveCfg = Debug|Any CPU
		{55A54752-3282-482D-98AD-F9F5607086A8}.Debug|Any CPU.Build.0 = Debug|Any CPU
		{55A54752-3282-482D-98AD-F9F5607086A8}.Release|Any CPU.ActiveCfg = Release|Any CPU
		{55A54752-3282-482D-98AD-F9F5607086A8}.Release|Any CPU.Build.0 = Release|Any CPU
		{A4074FD2-0D35-4648-B0E2-6F709708A0B2}.Debug|Any CPU.ActiveCfg = Debug|Any CPU
		{A4074FD2-0D35-4648-B0E2-6F709708A0B2}.Debug|Any CPU.Build.0 = Debug|Any CPU
		{A4074FD2-0D35-4648-B0E2-6F709708A0B2}.Release|Any CPU.ActiveCfg = Release|Any CPU
		{A4074FD2-0D35-4648-B0E2-6F709708A0B2}.Release|Any CPU.Build.0 = Release|Any CPU
		{499E43A0-8432-4EF2-8014-FA43EBDA41D0}.Debug|Any CPU.ActiveCfg = Debug|Any CPU
		{499E43A0-8432-4EF2-8014-FA43EBDA41D0}.Debug|Any CPU.Build.0 = Debug|Any CPU
		{499E43A0-8432-4EF2-8014-FA43EBDA41D0}.Release|Any CPU.ActiveCfg = Release|Any CPU
		{499E43A0-8432-4EF2-8014-FA43EBDA41D0}.Release|Any CPU.Build.0 = Release|Any CPU
	EndGlobalSection
	GlobalSection(SolutionProperties) = preSolution
		HideSolutionNode = FALSE
	EndGlobalSection
EndGlobal
