
Microsoft Visual Studio Solution File, Format Version 12.00
# Visual Studio 2012
Project("{FAE04EC0-301F-11D3-BF4B-00C04F79EFBC}") = "Entidades", "Entidades\Entidades.csproj", "{6EE627B5-7D52-4727-AF60-3FDA8DD70BAF}"
EndProject
Project("{FAE04EC0-301F-11D3-BF4B-00C04F79EFBC}") = "Formularios", "Formularios\Formularios.csproj", "{0C3F69D7-E1AB-4AF4-8F48-8E4C79FA5589}"
EndProject
Global
	GlobalSection(SolutionConfigurationPlatforms) = preSolution
		Debug|Any CPU = Debug|Any CPU
		Release|Any CPU = Release|Any CPU
	EndGlobalSection
	GlobalSection(ProjectConfigurationPlatforms) = postSolution
		{6EE627B5-7D52-4727-AF60-3FDA8DD70BAF}.Debug|Any CPU.ActiveCfg = Debug|Any CPU
		{6EE627B5-7D52-4727-AF60-3FDA8DD70BAF}.Debug|Any CPU.Build.0 = Debug|Any CPU
		{6EE627B5-7D52-4727-AF60-3FDA8DD70BAF}.Release|Any CPU.ActiveCfg = Release|Any CPU
		{6EE627B5-7D52-4727-AF60-3FDA8DD70BAF}.Release|Any CPU.Build.0 = Release|Any CPU
		{0C3F69D7-E1AB-4AF4-8F48-8E4C79FA5589}.Debug|Any CPU.ActiveCfg = Debug|Any CPU
		{0C3F69D7-E1AB-4AF4-8F48-8E4C79FA5589}.Debug|Any CPU.Build.0 = Debug|Any CPU
		{0C3F69D7-E1AB-4AF4-8F48-8E4C79FA5589}.Release|Any CPU.ActiveCfg = Release|Any CPU
		{0C3F69D7-E1AB-4AF4-8F48-8E4C79FA5589}.Release|Any CPU.Build.0 = Release|Any CPU
	EndGlobalSection
	GlobalSection(SolutionProperties) = preSolution
		HideSolutionNode = FALSE
	EndGlobalSection
EndGlobal
